// !$*UTF8*$!
{
	archiveVersion = 1;
	classes = {
	};
	objectVersion = 56;
	objects = {

/* Begin PBXBuildFile section */
		794DEC312A82D996001B92CE /* IORegistryEntry.swift in Sources */ = {isa = PBXBuildFile; fileRef = 794DEC302A82D996001B92CE /* IORegistryEntry.swift */; };
		794DEC332A82D9AF001B92CE /* EntryProperty.swift in Sources */ = {isa = PBXBuildFile; fileRef = 794DEC322A82D9AF001B92CE /* EntryProperty.swift */; };
		794DEC352A82DC9E001B92CE /* IORegistryPlane.swift in Sources */ = {isa = PBXBuildFile; fileRef = 794DEC342A82DC9E001B92CE /* IORegistryPlane.swift */; };
		794DEC372A82DCB1001B92CE /* IORegistry.swift in Sources */ = {isa = PBXBuildFile; fileRef = 794DEC362A82DCB1001B92CE /* IORegistry.swift */; };
		798DEE692A814C5A0002B2E5 /* IOExplorerApp.swift in Sources */ = {isa = PBXBuildFile; fileRef = 798DEE682A814C5A0002B2E5 /* IOExplorerApp.swift */; };
		798DEE6B2A814C5A0002B2E5 /* MainView.swift in Sources */ = {isa = PBXBuildFile; fileRef = 798DEE6A2A814C5A0002B2E5 /* MainView.swift */; };
		798DEE6D2A814C5D0002B2E5 /* Assets.xcassets in Resources */ = {isa = PBXBuildFile; fileRef = 798DEE6C2A814C5D0002B2E5 /* Assets.xcassets */; };
		798DEE712A814C5D0002B2E5 /* Preview Assets.xcassets in Resources */ = {isa = PBXBuildFile; fileRef = 798DEE702A814C5D0002B2E5 /* Preview Assets.xcassets */; };
		798DEE7B2A814F7B0002B2E5 /* IOKit.framework in Frameworks */ = {isa = PBXBuildFile; fileRef = 798DEE7A2A814F7B0002B2E5 /* IOKit.framework */; };
		79E216AF2A8A852000E30F6F /* MainViewModel.swift in Sources */ = {isa = PBXBuildFile; fileRef = 79E216AE2A8A852000E30F6F /* MainViewModel.swift */; };
		79E216B12A8A85E400E30F6F /* EntryView.swift in Sources */ = {isa = PBXBuildFile; fileRef = 79E216B02A8A85E400E30F6F /* EntryView.swift */; };
		79E216B32A8A860000E30F6F /* PropertiesView.swift in Sources */ = {isa = PBXBuildFile; fileRef = 79E216B22A8A860000E30F6F /* PropertiesView.swift */; };
		79E216B52A8A861600E30F6F /* PropertyValueView.swift in Sources */ = {isa = PBXBuildFile; fileRef = 79E216B42A8A861600E30F6F /* PropertyValueView.swift */; };
		79E216B72A8A865400E30F6F /* NavigationItemView.swift in Sources */ = {isa = PBXBuildFile; fileRef = 79E216B62A8A865400E30F6F /* NavigationItemView.swift */; };
		79E216B92A8A86A800E30F6F /* BadgeView.swift in Sources */ = {isa = PBXBuildFile; fileRef = 79E216B82A8A86A800E30F6F /* BadgeView.swift */; };
/* End PBXBuildFile section */

/* Begin PBXFileReference section */
		794DEC302A82D996001B92CE /* IORegistryEntry.swift */ = {isa = PBXFileReference; lastKnownFileType = sourcecode.swift; path = IORegistryEntry.swift; sourceTree = "<group>"; };
		794DEC322A82D9AF001B92CE /* EntryProperty.swift */ = {isa = PBXFileReference; lastKnownFileType = sourcecode.swift; path = EntryProperty.swift; sourceTree = "<group>"; };
		794DEC342A82DC9E001B92CE /* IORegistryPlane.swift */ = {isa = PBXFileReference; lastKnownFileType = sourcecode.swift; path = IORegistryPlane.swift; sourceTree = "<group>"; };
		794DEC362A82DCB1001B92CE /* IORegistry.swift */ = {isa = PBXFileReference; lastKnownFileType = sourcecode.swift; path = IORegistry.swift; sourceTree = "<group>"; };
		798DEE652A814C5A0002B2E5 /* IOExplorer.app */ = {isa = PBXFileReference; explicitFileType = wrapper.application; includeInIndex = 0; path = IOExplorer.app; sourceTree = BUILT_PRODUCTS_DIR; };
		798DEE682A814C5A0002B2E5 /* IOExplorerApp.swift */ = {isa = PBXFileReference; lastKnownFileType = sourcecode.swift; path = IOExplorerApp.swift; sourceTree = "<group>"; };
		798DEE6A2A814C5A0002B2E5 /* MainView.swift */ = {isa = PBXFileReference; lastKnownFileType = sourcecode.swift; path = MainView.swift; sourceTree = "<group>"; };
		798DEE6C2A814C5D0002B2E5 /* Assets.xcassets */ = {isa = PBXFileReference; lastKnownFileType = folder.assetcatalog; path = Assets.xcassets; sourceTree = "<group>"; };
		798DEE6E2A814C5D0002B2E5 /* IOExplorer.entitlements */ = {isa = PBXFileReference; lastKnownFileType = text.plist.entitlements; path = IOExplorer.entitlements; sourceTree = "<group>"; };
		798DEE702A814C5D0002B2E5 /* Preview Assets.xcassets */ = {isa = PBXFileReference; lastKnownFileType = folder.assetcatalog; path = "Preview Assets.xcassets"; sourceTree = "<group>"; };
		798DEE782A814F000002B2E5 /* DriverKit.framework */ = {isa = PBXFileReference; lastKnownFileType = wrapper.framework; name = DriverKit.framework; path = System/Library/Frameworks/DriverKit.framework; sourceTree = SDKROOT; };
		798DEE7A2A814F7B0002B2E5 /* IOKit.framework */ = {isa = PBXFileReference; lastKnownFileType = wrapper.framework; name = IOKit.framework; path = Platforms/iPhoneOS.platform/Developer/SDKs/iPhoneOS17.0.sdk/System/Library/Frameworks/IOKit.framework; sourceTree = DEVELOPER_DIR; };
		798DEE7C2A8150340002B2E5 /* BridgingHeader.h */ = {isa = PBXFileReference; lastKnownFileType = sourcecode.c.h; path = BridgingHeader.h; sourceTree = "<group>"; };
		79C1EE372A8A8E5800436696 /* ReleaseConfig.xcconfig */ = {isa = PBXFileReference; lastKnownFileType = text.xcconfig; path = ReleaseConfig.xcconfig; sourceTree = "<group>"; };
		79C1EE382A8A8E7500436696 /* DebugConfig.xcconfig */ = {isa = PBXFileReference; lastKnownFileType = text.xcconfig; path = DebugConfig.xcconfig; sourceTree = "<group>"; };
		79E216AE2A8A852000E30F6F /* MainViewModel.swift */ = {isa = PBXFileReference; lastKnownFileType = sourcecode.swift; path = MainViewModel.swift; sourceTree = "<group>"; };
		79E216B02A8A85E400E30F6F /* EntryView.swift */ = {isa = PBXFileReference; lastKnownFileType = sourcecode.swift; path = EntryView.swift; sourceTree = "<group>"; };
		79E216B22A8A860000E30F6F /* PropertiesView.swift */ = {isa = PBXFileReference; lastKnownFileType = sourcecode.swift; path = PropertiesView.swift; sourceTree = "<group>"; };
		79E216B42A8A861600E30F6F /* PropertyValueView.swift */ = {isa = PBXFileReference; lastKnownFileType = sourcecode.swift; path = PropertyValueView.swift; sourceTree = "<group>"; };
		79E216B62A8A865400E30F6F /* NavigationItemView.swift */ = {isa = PBXFileReference; lastKnownFileType = sourcecode.swift; path = NavigationItemView.swift; sourceTree = "<group>"; };
		79E216B82A8A86A800E30F6F /* BadgeView.swift */ = {isa = PBXFileReference; lastKnownFileType = sourcecode.swift; path = BadgeView.swift; sourceTree = "<group>"; };
		79E216BA2A8A873F00E30F6F /* BaseConfig.xcconfig */ = {isa = PBXFileReference; lastKnownFileType = text.xcconfig; path = BaseConfig.xcconfig; sourceTree = "<group>"; };
/* End PBXFileReference section */

/* Begin PBXFrameworksBuildPhase section */
		798DEE622A814C5A0002B2E5 /* Frameworks */ = {
			isa = PBXFrameworksBuildPhase;
			buildActionMask = 2147483647;
			files = (
				798DEE7B2A814F7B0002B2E5 /* IOKit.framework in Frameworks */,
			);
			runOnlyForDeploymentPostprocessing = 0;
		};
/* End PBXFrameworksBuildPhase section */

/* Begin PBXGroup section */
		794DEC2F2A82D988001B92CE /* IORegistry */ = {
			isa = PBXGroup;
			children = (
				794DEC302A82D996001B92CE /* IORegistryEntry.swift */,
				794DEC362A82DCB1001B92CE /* IORegistry.swift */,
				794DEC322A82D9AF001B92CE /* EntryProperty.swift */,
				794DEC342A82DC9E001B92CE /* IORegistryPlane.swift */,
			);
			path = IORegistry;
			sourceTree = "<group>";
		};
		798DEE5C2A814C5A0002B2E5 = {
			isa = PBXGroup;
			children = (
				798DEE672A814C5A0002B2E5 /* IOExplorer */,
				798DEE662A814C5A0002B2E5 /* Products */,
				798DEE772A814F000002B2E5 /* Frameworks */,
			);
			sourceTree = "<group>";
		};
		798DEE662A814C5A0002B2E5 /* Products */ = {
			isa = PBXGroup;
			children = (
				798DEE652A814C5A0002B2E5 /* IOExplorer.app */,
			);
			name = Products;
			sourceTree = "<group>";
		};
		798DEE672A814C5A0002B2E5 /* IOExplorer */ = {
			isa = PBXGroup;
			children = (
				79C1EE3A2A8A8E8200436696 /* Configuration */,
				794DEC2F2A82D988001B92CE /* IORegistry */,
				79E216AD2A8A851800E30F6F /* Main */,
				798DEE682A814C5A0002B2E5 /* IOExplorerApp.swift */,
				798DEE7C2A8150340002B2E5 /* BridgingHeader.h */,
				798DEE6C2A814C5D0002B2E5 /* Assets.xcassets */,
				798DEE6E2A814C5D0002B2E5 /* IOExplorer.entitlements */,
				798DEE6F2A814C5D0002B2E5 /* Preview Content */,
			);
			path = IOExplorer;
			sourceTree = "<group>";
		};
		798DEE6F2A814C5D0002B2E5 /* Preview Content */ = {
			isa = PBXGroup;
			children = (
				798DEE702A814C5D0002B2E5 /* Preview Assets.xcassets */,
			);
			path = "Preview Content";
			sourceTree = "<group>";
		};
		798DEE772A814F000002B2E5 /* Frameworks */ = {
			isa = PBXGroup;
			children = (
				798DEE7A2A814F7B0002B2E5 /* IOKit.framework */,
				798DEE782A814F000002B2E5 /* DriverKit.framework */,
			);
			name = Frameworks;
			sourceTree = "<group>";
		};
		79C1EE3A2A8A8E8200436696 /* Configuration */ = {
			isa = PBXGroup;
			children = (
				79E216BA2A8A873F00E30F6F /* BaseConfig.xcconfig */,
				79C1EE372A8A8E5800436696 /* ReleaseConfig.xcconfig */,
				79C1EE382A8A8E7500436696 /* DebugConfig.xcconfig */,
			);
			path = Configuration;
			sourceTree = "<group>";
		};
		79E216AD2A8A851800E30F6F /* Main */ = {
			isa = PBXGroup;
			children = (
				798DEE6A2A814C5A0002B2E5 /* MainView.swift */,
				79E216B42A8A861600E30F6F /* PropertyValueView.swift */,
				79E216AE2A8A852000E30F6F /* MainViewModel.swift */,
				79E216B02A8A85E400E30F6F /* EntryView.swift */,
				79E216B22A8A860000E30F6F /* PropertiesView.swift */,
				79E216B62A8A865400E30F6F /* NavigationItemView.swift */,
				79E216B82A8A86A800E30F6F /* BadgeView.swift */,
			);
			path = Main;
			sourceTree = "<group>";
		};
/* End PBXGroup section */

/* Begin PBXNativeTarget section */
		798DEE642A814C5A0002B2E5 /* IOExplorer */ = {
			isa = PBXNativeTarget;
			buildConfigurationList = 798DEE742A814C5D0002B2E5 /* Build configuration list for PBXNativeTarget "IOExplorer" */;
			buildPhases = (
				798DEE612A814C5A0002B2E5 /* Sources */,
				79C1EE3B2A8A8FF300436696 /* SwiftLint */,
				798DEE622A814C5A0002B2E5 /* Frameworks */,
				798DEE632A814C5A0002B2E5 /* Resources */,
			);
			buildRules = (
			);
			dependencies = (
			);
			name = IOExplorer;
			productName = IOExplorer;
			productReference = 798DEE652A814C5A0002B2E5 /* IOExplorer.app */;
			productType = "com.apple.product-type.application";
		};
/* End PBXNativeTarget section */

/* Begin PBXProject section */
		798DEE5D2A814C5A0002B2E5 /* Project object */ = {
			isa = PBXProject;
			attributes = {
				BuildIndependentTargetsInParallel = 1;
				LastSwiftUpdateCheck = 1500;
				LastUpgradeCheck = 1500;
				TargetAttributes = {
					798DEE642A814C5A0002B2E5 = {
						CreatedOnToolsVersion = 15.0;
					};
				};
			};
			buildConfigurationList = 798DEE602A814C5A0002B2E5 /* Build configuration list for PBXProject "IOExplorer" */;
			compatibilityVersion = "Xcode 14.0";
			developmentRegion = en;
			hasScannedForEncodings = 0;
			knownRegions = (
				en,
				Base,
			);
			mainGroup = 798DEE5C2A814C5A0002B2E5;
			productRefGroup = 798DEE662A814C5A0002B2E5 /* Products */;
			projectDirPath = "";
			projectRoot = "";
			targets = (
				798DEE642A814C5A0002B2E5 /* IOExplorer */,
			);
		};
/* End PBXProject section */

/* Begin PBXResourcesBuildPhase section */
		798DEE632A814C5A0002B2E5 /* Resources */ = {
			isa = PBXResourcesBuildPhase;
			buildActionMask = 2147483647;
			files = (
				798DEE712A814C5D0002B2E5 /* Preview Assets.xcassets in Resources */,
				798DEE6D2A814C5D0002B2E5 /* Assets.xcassets in Resources */,
			);
			runOnlyForDeploymentPostprocessing = 0;
		};
/* End PBXResourcesBuildPhase section */

/* Begin PBXShellScriptBuildPhase section */
		79C1EE3B2A8A8FF300436696 /* SwiftLint */ = {
			isa = PBXShellScriptBuildPhase;
			alwaysOutOfDate = 1;
			buildActionMask = 2147483647;
			files = (
			);
			inputFileListPaths = (
			);
			inputPaths = (
			);
			name = SwiftLint;
			outputFileListPaths = (
			);
			outputPaths = (
			);
			runOnlyForDeploymentPostprocessing = 0;
			shellPath = /bin/sh;
			shellScript = "if [[ \"$(uname -m)\" == arm64 ]]; then\n    export PATH=\"/opt/homebrew/bin:$PATH\"\nfi\n\nif which swiftlint > /dev/null; then\n  swiftlint\nelse\n  echo \"warning: SwiftLint not installed, download from https://github.com/realm/SwiftLint\"\nfi\n";
		};
/* End PBXShellScriptBuildPhase section */

/* Begin PBXSourcesBuildPhase section */
		798DEE612A814C5A0002B2E5 /* Sources */ = {
			isa = PBXSourcesBuildPhase;
			buildActionMask = 2147483647;
			files = (
				79E216B92A8A86A800E30F6F /* BadgeView.swift in Sources */,
				79E216B32A8A860000E30F6F /* PropertiesView.swift in Sources */,
				79E216B72A8A865400E30F6F /* NavigationItemView.swift in Sources */,
				79E216AF2A8A852000E30F6F /* MainViewModel.swift in Sources */,
				794DEC312A82D996001B92CE /* IORegistryEntry.swift in Sources */,
				794DEC332A82D9AF001B92CE /* EntryProperty.swift in Sources */,
				798DEE6B2A814C5A0002B2E5 /* MainView.swift in Sources */,
				794DEC352A82DC9E001B92CE /* IORegistryPlane.swift in Sources */,
				794DEC372A82DCB1001B92CE /* IORegistry.swift in Sources */,
				79E216B52A8A861600E30F6F /* PropertyValueView.swift in Sources */,
				798DEE692A814C5A0002B2E5 /* IOExplorerApp.swift in Sources */,
				79E216B12A8A85E400E30F6F /* EntryView.swift in Sources */,
			);
			runOnlyForDeploymentPostprocessing = 0;
		};
/* End PBXSourcesBuildPhase section */

/* Begin XCBuildConfiguration section */
		798DEE722A814C5D0002B2E5 /* Debug */ = {
			isa = XCBuildConfiguration;
			baseConfigurationReference = 79C1EE382A8A8E7500436696 /* DebugConfig.xcconfig */;
			buildSettings = {
				ALWAYS_SEARCH_USER_PATHS = NO;
				ASSETCATALOG_COMPILER_GENERATE_SWIFT_ASSET_SYMBOL_EXTENSIONS = YES;
				CLANG_ANALYZER_NONNULL = YES;
				CLANG_ANALYZER_NUMBER_OBJECT_CONVERSION = YES_AGGRESSIVE;
				CLANG_CXX_LANGUAGE_STANDARD = "gnu++20";
				CLANG_ENABLE_MODULES = YES;
				CLANG_ENABLE_OBJC_ARC = YES;
				CLANG_ENABLE_OBJC_WEAK = YES;
				CLANG_WARN_BLOCK_CAPTURE_AUTORELEASING = YES;
				CLANG_WARN_BOOL_CONVERSION = YES;
				CLANG_WARN_COMMA = YES;
				CLANG_WARN_CONSTANT_CONVERSION = YES;
				CLANG_WARN_DEPRECATED_OBJC_IMPLEMENTATIONS = YES;
				CLANG_WARN_DIRECT_OBJC_ISA_USAGE = YES_ERROR;
				CLANG_WARN_DOCUMENTATION_COMMENTS = YES;
				CLANG_WARN_EMPTY_BODY = YES;
				CLANG_WARN_ENUM_CONVERSION = YES;
				CLANG_WARN_INFINITE_RECURSION = YES;
				CLANG_WARN_INT_CONVERSION = YES;
				CLANG_WARN_NON_LITERAL_NULL_CONVERSION = YES;
				CLANG_WARN_OBJC_IMPLICIT_RETAIN_SELF = YES;
				CLANG_WARN_OBJC_LITERAL_CONVERSION = YES;
				CLANG_WARN_OBJC_ROOT_CLASS = YES_ERROR;
				CLANG_WARN_QUOTED_INCLUDE_IN_FRAMEWORK_HEADER = YES;
				CLANG_WARN_RANGE_LOOP_ANALYSIS = YES;
				CLANG_WARN_STRICT_PROTOTYPES = YES;
				CLANG_WARN_SUSPICIOUS_MOVE = YES;
				CLANG_WARN_UNGUARDED_AVAILABILITY = YES_AGGRESSIVE;
				CLANG_WARN_UNREACHABLE_CODE = YES;
				CLANG_WARN__DUPLICATE_METHOD_MATCH = YES;
				COPY_PHASE_STRIP = NO;
				DEBUG_INFORMATION_FORMAT = dwarf;
				ENABLE_STRICT_OBJC_MSGSEND = YES;
				ENABLE_TESTABILITY = YES;
				ENABLE_USER_SCRIPT_SANDBOXING = NO;
				GCC_C_LANGUAGE_STANDARD = gnu17;
				GCC_DYNAMIC_NO_PIC = NO;
				GCC_NO_COMMON_BLOCKS = YES;
				GCC_OPTIMIZATION_LEVEL = 0;
				GCC_PREPROCESSOR_DEFINITIONS = (
					"DEBUG=1",
					"$(inherited)",
				);
				GCC_WARN_64_TO_32_BIT_CONVERSION = YES;
				GCC_WARN_ABOUT_RETURN_TYPE = YES_ERROR;
				GCC_WARN_UNDECLARED_SELECTOR = YES;
				GCC_WARN_UNINITIALIZED_AUTOS = YES_AGGRESSIVE;
				GCC_WARN_UNUSED_FUNCTION = YES;
				GCC_WARN_UNUSED_VARIABLE = YES;
				LOCALIZATION_PREFERS_STRING_CATALOGS = YES;
				MTL_ENABLE_DEBUG_INFO = INCLUDE_SOURCE;
				MTL_FAST_MATH = YES;
				ONLY_ACTIVE_ARCH = YES;
				SWIFT_ACTIVE_COMPILATION_CONDITIONS = "DEBUG $(inherited)";
				SWIFT_OBJC_BRIDGING_HEADER = IOExplorer/BridgingHeader.h;
				SWIFT_OBJC_INTEROP_MODE = objcxx;
				SWIFT_OPTIMIZATION_LEVEL = "-Onone";
			};
			name = Debug;
		};
		798DEE732A814C5D0002B2E5 /* Release */ = {
			isa = XCBuildConfiguration;
			baseConfigurationReference = 79C1EE372A8A8E5800436696 /* ReleaseConfig.xcconfig */;
			buildSettings = {
				ALWAYS_SEARCH_USER_PATHS = NO;
				ASSETCATALOG_COMPILER_GENERATE_SWIFT_ASSET_SYMBOL_EXTENSIONS = YES;
				CLANG_ANALYZER_NONNULL = YES;
				CLANG_ANALYZER_NUMBER_OBJECT_CONVERSION = YES_AGGRESSIVE;
				CLANG_CXX_LANGUAGE_STANDARD = "gnu++20";
				CLANG_ENABLE_MODULES = YES;
				CLANG_ENABLE_OBJC_ARC = YES;
				CLANG_ENABLE_OBJC_WEAK = YES;
				CLANG_WARN_BLOCK_CAPTURE_AUTORELEASING = YES;
				CLANG_WARN_BOOL_CONVERSION = YES;
				CLANG_WARN_COMMA = YES;
				CLANG_WARN_CONSTANT_CONVERSION = YES;
				CLANG_WARN_DEPRECATED_OBJC_IMPLEMENTATIONS = YES;
				CLANG_WARN_DIRECT_OBJC_ISA_USAGE = YES_ERROR;
				CLANG_WARN_DOCUMENTATION_COMMENTS = YES;
				CLANG_WARN_EMPTY_BODY = YES;
				CLANG_WARN_ENUM_CONVERSION = YES;
				CLANG_WARN_INFINITE_RECURSION = YES;
				CLANG_WARN_INT_CONVERSION = YES;
				CLANG_WARN_NON_LITERAL_NULL_CONVERSION = YES;
				CLANG_WARN_OBJC_IMPLICIT_RETAIN_SELF = YES;
				CLANG_WARN_OBJC_LITERAL_CONVERSION = YES;
				CLANG_WARN_OBJC_ROOT_CLASS = YES_ERROR;
				CLANG_WARN_QUOTED_INCLUDE_IN_FRAMEWORK_HEADER = YES;
				CLANG_WARN_RANGE_LOOP_ANALYSIS = YES;
				CLANG_WARN_STRICT_PROTOTYPES = YES;
				CLANG_WARN_SUSPICIOUS_MOVE = YES;
				CLANG_WARN_UNGUARDED_AVAILABILITY = YES_AGGRESSIVE;
				CLANG_WARN_UNREACHABLE_CODE = YES;
				CLANG_WARN__DUPLICATE_METHOD_MATCH = YES;
				COPY_PHASE_STRIP = NO;
				DEBUG_INFORMATION_FORMAT = "dwarf-with-dsym";
				ENABLE_NS_ASSERTIONS = NO;
				ENABLE_STRICT_OBJC_MSGSEND = YES;
				ENABLE_USER_SCRIPT_SANDBOXING = NO;
				GCC_C_LANGUAGE_STANDARD = gnu17;
				GCC_NO_COMMON_BLOCKS = YES;
				GCC_WARN_64_TO_32_BIT_CONVERSION = YES;
				GCC_WARN_ABOUT_RETURN_TYPE = YES_ERROR;
				GCC_WARN_UNDECLARED_SELECTOR = YES;
				GCC_WARN_UNINITIALIZED_AUTOS = YES_AGGRESSIVE;
				GCC_WARN_UNUSED_FUNCTION = YES;
				GCC_WARN_UNUSED_VARIABLE = YES;
				LOCALIZATION_PREFERS_STRING_CATALOGS = YES;
				MTL_ENABLE_DEBUG_INFO = NO;
				MTL_FAST_MATH = YES;
				SWIFT_COMPILATION_MODE = wholemodule;
				SWIFT_OBJC_BRIDGING_HEADER = IOExplorer/BridgingHeader.h;
				SWIFT_OBJC_INTEROP_MODE = objcxx;
			};
			name = Release;
		};
		798DEE752A814C5D0002B2E5 /* Debug */ = {
			isa = XCBuildConfiguration;
			buildSettings = {
				ASSETCATALOG_COMPILER_APPICON_NAME = AppIcon;
				ASSETCATALOG_COMPILER_GLOBAL_ACCENT_COLOR_NAME = AccentColor;
				CODE_SIGN_ENTITLEMENTS = IOExplorer/IOExplorer.entitlements;
				CURRENT_PROJECT_VERSION = 1;
				DEVELOPMENT_ASSET_PATHS = "\"IOExplorer/Preview Content\"";
				ENABLE_HARDENED_RUNTIME = YES;
				ENABLE_PREVIEWS = YES;
				GENERATE_INFOPLIST_FILE = YES;
				INFOPLIST_KEY_CFBundleDisplayName = "IO Explorer";
				INFOPLIST_KEY_LSApplicationCategoryType = "public.app-category.developer-tools";
				"INFOPLIST_KEY_UIApplicationSceneManifest_Generation[sdk=iphoneos*]" = YES;
				"INFOPLIST_KEY_UIApplicationSceneManifest_Generation[sdk=iphonesimulator*]" = YES;
				"INFOPLIST_KEY_UIApplicationSupportsIndirectInputEvents[sdk=iphoneos*]" = YES;
				"INFOPLIST_KEY_UIApplicationSupportsIndirectInputEvents[sdk=iphonesimulator*]" = YES;
				"INFOPLIST_KEY_UILaunchScreen_Generation[sdk=iphoneos*]" = YES;
				"INFOPLIST_KEY_UILaunchScreen_Generation[sdk=iphonesimulator*]" = YES;
				"INFOPLIST_KEY_UIStatusBarStyle[sdk=iphoneos*]" = UIStatusBarStyleDefault;
				"INFOPLIST_KEY_UIStatusBarStyle[sdk=iphonesimulator*]" = UIStatusBarStyleDefault;
				INFOPLIST_KEY_UISupportedInterfaceOrientations_iPad = "UIInterfaceOrientationPortrait UIInterfaceOrientationPortraitUpsideDown UIInterfaceOrientationLandscapeLeft UIInterfaceOrientationLandscapeRight";
				INFOPLIST_KEY_UISupportedInterfaceOrientations_iPhone = "UIInterfaceOrientationPortrait UIInterfaceOrientationLandscapeLeft UIInterfaceOrientationLandscapeRight";
				IPHONEOS_DEPLOYMENT_TARGET = 16.0;
				LD_RUNPATH_SEARCH_PATHS = "@executable_path/Frameworks";
				"LD_RUNPATH_SEARCH_PATHS[sdk=macosx*]" = "@executable_path/../Frameworks";
				MACOSX_DEPLOYMENT_TARGET = 13.5;
				MARKETING_VERSION = 1.0;
				PRODUCT_NAME = "$(TARGET_NAME)";
				SDKROOT = auto;
				SUPPORTED_PLATFORMS = "iphoneos iphonesimulator macosx";
				SWIFT_EMIT_LOC_STRINGS = YES;
				SWIFT_VERSION = 5.0;
				TARGETED_DEVICE_FAMILY = "1,2";
			};
			name = Debug;
		};
		798DEE762A814C5D0002B2E5 /* Release */ = {
			isa = XCBuildConfiguration;
			buildSettings = {
				ASSETCATALOG_COMPILER_APPICON_NAME = AppIcon;
				ASSETCATALOG_COMPILER_GLOBAL_ACCENT_COLOR_NAME = AccentColor;
				CODE_SIGN_ENTITLEMENTS = IOExplorer/IOExplorer.entitlements;
				CURRENT_PROJECT_VERSION = 1;
				DEVELOPMENT_ASSET_PATHS = "\"IOExplorer/Preview Content\"";
				ENABLE_HARDENED_RUNTIME = YES;
				ENABLE_PREVIEWS = YES;
				GENERATE_INFOPLIST_FILE = YES;
				INFOPLIST_KEY_CFBundleDisplayName = "IO Explorer";
				INFOPLIST_KEY_LSApplicationCategoryType = "public.app-category.developer-tools";
				"INFOPLIST_KEY_UIApplicationSceneManifest_Generation[sdk=iphoneos*]" = YES;
				"INFOPLIST_KEY_UIApplicationSceneManifest_Generation[sdk=iphonesimulator*]" = YES;
				"INFOPLIST_KEY_UIApplicationSupportsIndirectInputEvents[sdk=iphoneos*]" = YES;
				"INFOPLIST_KEY_UIApplicationSupportsIndirectInputEvents[sdk=iphonesimulator*]" = YES;
				"INFOPLIST_KEY_UILaunchScreen_Generation[sdk=iphoneos*]" = YES;
				"INFOPLIST_KEY_UILaunchScreen_Generation[sdk=iphonesimulator*]" = YES;
				"INFOPLIST_KEY_UIStatusBarStyle[sdk=iphoneos*]" = UIStatusBarStyleDefault;
				"INFOPLIST_KEY_UIStatusBarStyle[sdk=iphonesimulator*]" = UIStatusBarStyleDefault;
				INFOPLIST_KEY_UISupportedInterfaceOrientations_iPad = "UIInterfaceOrientationPortrait UIInterfaceOrientationPortraitUpsideDown UIInterfaceOrientationLandscapeLeft UIInterfaceOrientationLandscapeRight";
				INFOPLIST_KEY_UISupportedInterfaceOrientations_iPhone = "UIInterfaceOrientationPortrait UIInterfaceOrientationLandscapeLeft UIInterfaceOrientationLandscapeRight";
				IPHONEOS_DEPLOYMENT_TARGET = 16.0;
				LD_RUNPATH_SEARCH_PATHS = "@executable_path/Frameworks";
				"LD_RUNPATH_SEARCH_PATHS[sdk=macosx*]" = "@executable_path/../Frameworks";
				MACOSX_DEPLOYMENT_TARGET = 13.5;
				MARKETING_VERSION = 1.0;
				PRODUCT_NAME = "$(TARGET_NAME)";
				SDKROOT = auto;
				SUPPORTED_PLATFORMS = "iphoneos iphonesimulator macosx";
				SWIFT_EMIT_LOC_STRINGS = YES;
				SWIFT_VERSION = 5.0;
				TARGETED_DEVICE_FAMILY = "1,2";
			};
			name = Release;
		};
/* End XCBuildConfiguration section */

/* Begin XCConfigurationList section */
		798DEE602A814C5A0002B2E5 /* Build configuration list for PBXProject "IOExplorer" */ = {
			isa = XCConfigurationList;
			buildConfigurations = (
				798DEE722A814C5D0002B2E5 /* Debug */,
				798DEE732A814C5D0002B2E5 /* Release */,
			);
			defaultConfigurationIsVisible = 0;
			defaultConfigurationName = Release;
		};
		798DEE742A814C5D0002B2E5 /* Build configuration list for PBXNativeTarget "IOExplorer" */ = {
			isa = XCConfigurationList;
			buildConfigurations = (
				798DEE752A814C5D0002B2E5 /* Debug */,
				798DEE762A814C5D0002B2E5 /* Release */,
			);
			defaultConfigurationIsVisible = 0;
			defaultConfigurationName = Release;
		};
/* End XCConfigurationList section */
	};
	rootObject = 798DEE5D2A814C5A0002B2E5 /* Project object */;
}
